
Microsoft Visual Studio Solution File, Format Version 12.00
# Visual Studio 15
VisualStudioVersion = 15.0.28307.136
MinimumVisualStudioVersion = 10.0.40219.1
Project("{FAE04EC0-301F-11D3-BF4B-00C04F79EFBC}") = "CJB_Medical", "CJB_Medical\CJB_Medical.csproj", "{C7048F9E-52A4-4D37-AF27-7ECCAEE88FE0}"
EndProject
Global
	GlobalSection(SolutionConfigurationPlatforms) = preSolution
		Debug|Any CPU = Debug|Any CPU
		Release|Any CPU = Release|Any CPU
	EndGlobalSection
	GlobalSection(ProjectConfigurationPlatforms) = postSolution
		{C7048F9E-52A4-4D37-AF27-7ECCAEE88FE0}.Debug|Any CPU.ActiveCfg = Debug|Any CPU
		{C7048F9E-52A4-4D37-AF27-7ECCAEE88FE0}.Debug|Any CPU.Build.0 = Debug|Any CPU
		{C7048F9E-52A4-4D37-AF27-7ECCAEE88FE0}.Release|Any CPU.ActiveCfg = Release|Any CPU
		{C7048F9E-52A4-4D37-AF27-7ECCAEE88FE0}.Release|Any CPU.Build.0 = Release|Any CPU
	EndGlobalSection
	GlobalSection(SolutionProperties) = preSolution
		HideSolutionNode = FALSE
	EndGlobalSection
	GlobalSection(ExtensibilityGlobals) = postSolution
		SolutionGuid = {D23206B9-EC87-4801-AA21-12C74826E0A3}
	EndGlobalSection
EndGlobal
